
Microsoft Visual Studio Solution File, Format Version 12.00
# Visual Studio Version 17
VisualStudioVersion = 17.2.32630.192
MinimumVisualStudioVersion = 10.0.40219.1
Project("{FAE04EC0-301F-11D3-BF4B-00C04F79EFBC}") = "ChessBoard", "ChessBoard\ChessBoard.csproj", "{573E4AA8-D88B-41F0-9A56-6CACBB9D5F8D}"
EndProject
Global
	GlobalSection(SolutionConfigurationPlatforms) = preSolution
		Debug|Any CPU = Debug|Any CPU
		Release|Any CPU = Release|Any CPU
	EndGlobalSection
	GlobalSection(ProjectConfigurationPlatforms) = postSolution
		{573E4AA8-D88B-41F0-9A56-6CACBB9D5F8D}.Debug|Any CPU.ActiveCfg = Debug|Any CPU
		{573E4AA8-D88B-41F0-9A56-6CACBB9D5F8D}.Debug|Any CPU.Build.0 = Debug|Any CPU
		{573E4AA8-D88B-41F0-9A56-6CACBB9D5F8D}.Release|Any CPU.ActiveCfg = Release|Any CPU
		{573E4AA8-D88B-41F0-9A56-6CACBB9D5F8D}.Release|Any CPU.Build.0 = Release|Any CPU
	EndGlobalSection
	GlobalSection(SolutionProperties) = preSolution
		HideSolutionNode = FALSE
	EndGlobalSection
	GlobalSection(ExtensibilityGlobals) = postSolution
		SolutionGuid = {9C076121-66BC-41A6-806F-9898A0F300F1}
	EndGlobalSection
EndGlobal
